{
  "lockfile_version": "1",
  "packages": {
    "github:NixOS/nixpkgs/nixpkgs-unstable": {
      "last_modified": "2025-05-27T11:07:55Z",
      "resolved": "github:NixOS/nixpkgs/e0042dedfbc9134ef973f64e5c7f56a38cc5cc97?lastModified=1748344075&narHash=sha256-PsZAY3H0e%2FPBoDVn4fLwGEmeSwESj7SZPZ6CMfgbWFU%3D"
    },
    "pnpm@latest": {
      "last_modified": "2025-05-16T20:19:48Z",
      "resolved": "github:NixOS/nixpkgs/12a55407652e04dcf2309436eb06fef0d3713ef3#pnpm",
      "source": "devbox-search",
      "version": "10.11.0",
      "systems": {
        "aarch64-darwin": {
          "outputs": [
            {
              "name": "out",
              "path": "/nix/store/b39q8x9cxlqq45zgvn9bqcv2f2633vhx-pnpm-10.11.0",
              "default": true
            }
          ],
          "store_path": "/nix/store/b39q8x9cxlqq45zgvn9bqcv2f2633vhx-pnpm-10.11.0"
        },
        "aarch64-linux": {
          "outputs": [
            {
              "name": "out",
              "path": "/nix/store/rvikpxf1ikq4dy7n64bw30hx2ig7zwjk-pnpm-10.11.0",
              "default": true
            }
          ],
          "store_path": "/nix/store/rvikpxf1ikq4dy7n64bw30hx2ig7zwjk-pnpm-10.11.0"
        },
        "x86_64-darwin": {
          "outputs": [
            {
              "name": "out",
              "path": "/nix/store/m4qnhm8ij69r70wf6qdbbhd9yw30pv00-pnpm-10.11.0",
              "default": true
            }
          ],
          "store_path": "/nix/store/m4qnhm8ij69r70wf6qdbbhd9yw30pv00-pnpm-10.11.0"
        },
        "x86_64-linux": {
          "outputs": [
            {
              "name": "out",
              "path": "/nix/store/29gsr1mhy2xgah3s86aqg7wspmvqjp4m-pnpm-10.11.0",
              "default": true
            }
          ],
          "store_path": "/nix/store/29gsr1mhy2xgah3s86aqg7wspmvqjp4m-pnpm-10.11.0"
        }
      }
    }
  }
}
